schema: '2.0'
stages:
  load_data:
    cmd: python src/load_data.py --config=config/params.yaml
    deps:
    - path: data_given/winequality.csv
      md5: ccc8d3507eb151f53f760d36abdef888
      size: 91998
    - path: src/get_data.py
      md5: b8097254f36f21b0d6dc932412305e79
      size: 973
    - path: src/load_data.py
      md5: facb60f22c5925c756dfed97923156a4
      size: 600
    outs:
    - path: data/raw/winequality.csv
      md5: d98e8f2eca228c11c4de1cc96866a54d
      size: 93598
  split_data:
    cmd: python src/split_data.py --config=config/params.yaml
    deps:
    - path: data/raw/winequality.csv
      md5: d98e8f2eca228c11c4de1cc96866a54d
      size: 93598
    - path: src/split_data.py
      md5: 470e90810894ae540c19b62983573a91
      size: 1087
    outs:
    - path: data/processed/test_winequality.csv
      md5: 1586f0267c5b17b7ee3baeb5155ee7aa
      size: 23518
    - path: data/processed/train_winequality.csv
      md5: 0eef9a3ec16c5cf1f98945dfc45e81b0
      size: 70226
  train_and_evaluate:
    cmd: python src/train_and_evaluate.py --config=config/params.yaml
    deps:
    - path: data/processed/test_winequality.csv
      md5: 1586f0267c5b17b7ee3baeb5155ee7aa
      size: 23518
    - path: data/processed/train_winequality.csv
      md5: 0eef9a3ec16c5cf1f98945dfc45e81b0
      size: 70226
    - path: src/train_and_evaluate.py
      md5: d44aa341cef0b1f4cfd7774f90c4823e
      size: 4129
    params:
      config/params.yaml:
        estimators.ElasticNet.params.alpha: 0.88
        estimators.ElasticNet.params.l1_ratio: 0.66
